
Microsoft Visual Studio Solution File, Format Version 12.00
# Visual Studio Version 16
VisualStudioVersion = 16.0.29926.136
MinimumVisualStudioVersion = 10.0.40219.1
Project("{FAE04EC0-301F-11D3-BF4B-00C04F79EFBC}") = "Bluetooth Headphones Keeper-Upper Service", "Bluetooth Headphones Keeper-Upper Service\Bluetooth Headphones Keeper-Upper Service.csproj", "{63A12BF8-8206-4881-B9F9-B128C8EC93A5}"
EndProject
Global
	GlobalSection(SolutionConfigurationPlatforms) = preSolution
		Debug|Any CPU = Debug|Any CPU
		Release|Any CPU = Release|Any CPU
	EndGlobalSection
	GlobalSection(ProjectConfigurationPlatforms) = postSolution
		{63A12BF8-8206-4881-B9F9-B128C8EC93A5}.Debug|Any CPU.ActiveCfg = Debug|Any CPU
		{63A12BF8-8206-4881-B9F9-B128C8EC93A5}.Debug|Any CPU.Build.0 = Debug|Any CPU
		{63A12BF8-8206-4881-B9F9-B128C8EC93A5}.Release|Any CPU.ActiveCfg = Release|Any CPU
		{63A12BF8-8206-4881-B9F9-B128C8EC93A5}.Release|Any CPU.Build.0 = Release|Any CPU
	EndGlobalSection
	GlobalSection(SolutionProperties) = preSolution
		HideSolutionNode = FALSE
	EndGlobalSection
	GlobalSection(ExtensibilityGlobals) = postSolution
		SolutionGuid = {957CF708-1D45-447B-9386-7B8FE45AC50F}
	EndGlobalSection
EndGlobal
